
Microsoft Visual Studio Solution File, Format Version 12.00
# Visual Studio Version 16
VisualStudioVersion = 16.0.31729.503
MinimumVisualStudioVersion = 10.0.40219.1
Project("{FAE04EC0-301F-11D3-BF4B-00C04F79EFBC}") = "Straub_Bernadette_proiect", "Straub_Bernadette_proiect.csproj", "{0DF2E640-BA00-4BBE-B2A8-5A22C76873A5}"
EndProject
Global
	GlobalSection(SolutionConfigurationPlatforms) = preSolution
		Debug|Any CPU = Debug|Any CPU
		Release|Any CPU = Release|Any CPU
	EndGlobalSection
	GlobalSection(ProjectConfigurationPlatforms) = postSolution
		{0DF2E640-BA00-4BBE-B2A8-5A22C76873A5}.Debug|Any CPU.ActiveCfg = Debug|Any CPU
		{0DF2E640-BA00-4BBE-B2A8-5A22C76873A5}.Debug|Any CPU.Build.0 = Debug|Any CPU
		{0DF2E640-BA00-4BBE-B2A8-5A22C76873A5}.Release|Any CPU.ActiveCfg = Release|Any CPU
		{0DF2E640-BA00-4BBE-B2A8-5A22C76873A5}.Release|Any CPU.Build.0 = Release|Any CPU
	EndGlobalSection
	GlobalSection(SolutionProperties) = preSolution
		HideSolutionNode = FALSE
	EndGlobalSection
	GlobalSection(ExtensibilityGlobals) = postSolution
		SolutionGuid = {DB38E8BB-50DB-4348-BAC2-B50D5A554514}
	EndGlobalSection
EndGlobal
